
Microsoft Visual Studio Solution File, Format Version 12.00
# Visual Studio Version 17
VisualStudioVersion = 17.10.34607.79
MinimumVisualStudioVersion = 10.0.40219.1
Project("{9A19103F-16F7-4668-BE54-9A1E7A4F7556}") = "Meziantou.DotNet.CodingStandard.Tests", "Meziantou.DotNet.CodingStandard.Tests.csproj", "{9FC11657-2585-4728-B249-F90B612858F5}"
EndProject
Global
	GlobalSection(SolutionConfigurationPlatforms) = preSolution
		Debug|Any CPU = Debug|Any CPU
		Release|Any CPU = Release|Any CPU
	EndGlobalSection
	GlobalSection(ProjectConfigurationPlatforms) = postSolution
		{9FC11657-2585-4728-B249-F90B612858F5}.Debug|Any CPU.ActiveCfg = Debug|Any CPU
		{9FC11657-2585-4728-B249-F90B612858F5}.Debug|Any CPU.Build.0 = Debug|Any CPU
		{9FC11657-2585-4728-B249-F90B612858F5}.Release|Any CPU.ActiveCfg = Release|Any CPU
		{9FC11657-2585-4728-B249-F90B612858F5}.Release|Any CPU.Build.0 = Release|Any CPU
	EndGlobalSection
	GlobalSection(SolutionProperties) = preSolution
		HideSolutionNode = FALSE
	EndGlobalSection
	GlobalSection(ExtensibilityGlobals) = postSolution
		SolutionGuid = {CAD2B7E6-7025-4D28-9B35-6C42B60C98ED}
	EndGlobalSection
EndGlobal
